
Microsoft Visual Studio Solution File, Format Version 12.00
# Visual Studio 15
VisualStudioVersion = 15.0.26730.12
MinimumVisualStudioVersion = 10.0.40219.1
Project("{FAE04EC0-301F-11D3-BF4B-00C04F79EFBC}") = "BlogApp.WebUI", "BlogApp.WebUI\BlogApp.WebUI.csproj", "{5800A1D9-10CD-40AE-B4B8-B5461E61FEA6}"
EndProject
Project("{FAE04EC0-301F-11D3-BF4B-00C04F79EFBC}") = "BlogApp.Entity", "BlogApp.Entity\BlogApp.Entity.csproj", "{13ECEA24-DD34-4051-86EF-B0B3CF0E3021}"
EndProject
Project("{FAE04EC0-301F-11D3-BF4B-00C04F79EFBC}") = "BlogApp.Data", "BlogApp.Data\BlogApp.Data.csproj", "{20ADE4F6-50D4-49BA-B958-D7DBD6D7F0A4}"
EndProject
Global
	GlobalSection(SolutionConfigurationPlatforms) = preSolution
		Debug|Any CPU = Debug|Any CPU
		Release|Any CPU = Release|Any CPU
	EndGlobalSection
	GlobalSection(ProjectConfigurationPlatforms) = postSolution
		{5800A1D9-10CD-40AE-B4B8-B5461E61FEA6}.Debug|Any CPU.ActiveCfg = Debug|Any CPU
		{5800A1D9-10CD-40AE-B4B8-B5461E61FEA6}.Debug|Any CPU.Build.0 = Debug|Any CPU
		{5800A1D9-10CD-40AE-B4B8-B5461E61FEA6}.Release|Any CPU.ActiveCfg = Release|Any CPU
		{5800A1D9-10CD-40AE-B4B8-B5461E61FEA6}.Release|Any CPU.Build.0 = Release|Any CPU
		{13ECEA24-DD34-4051-86EF-B0B3CF0E3021}.Debug|Any CPU.ActiveCfg = Debug|Any CPU
		{13ECEA24-DD34-4051-86EF-B0B3CF0E3021}.Debug|Any CPU.Build.0 = Debug|Any CPU
		{13ECEA24-DD34-4051-86EF-B0B3CF0E3021}.Release|Any CPU.ActiveCfg = Release|Any CPU
		{13ECEA24-DD34-4051-86EF-B0B3CF0E3021}.Release|Any CPU.Build.0 = Release|Any CPU
		{20ADE4F6-50D4-49BA-B958-D7DBD6D7F0A4}.Debug|Any CPU.ActiveCfg = Debug|Any CPU
		{20ADE4F6-50D4-49BA-B958-D7DBD6D7F0A4}.Debug|Any CPU.Build.0 = Debug|Any CPU
		{20ADE4F6-50D4-49BA-B958-D7DBD6D7F0A4}.Release|Any CPU.ActiveCfg = Release|Any CPU
		{20ADE4F6-50D4-49BA-B958-D7DBD6D7F0A4}.Release|Any CPU.Build.0 = Release|Any CPU
	EndGlobalSection
	GlobalSection(SolutionProperties) = preSolution
		HideSolutionNode = FALSE
	EndGlobalSection
	GlobalSection(ExtensibilityGlobals) = postSolution
		SolutionGuid = {0CDCAA81-8C50-43CF-9BBE-9D15EEB3D746}
	EndGlobalSection
EndGlobal
